
Microsoft Visual Studio Solution File, Format Version 12.00
# Visual Studio Version 16
VisualStudioVersion = 16.0.31205.134
MinimumVisualStudioVersion = 10.0.40219.1
Project("{FAE04EC0-301F-11D3-BF4B-00C04F79EFBC}") = "customapi", "customapi\customapi.csproj", "{E53F3A7F-C065-490A-A499-89524835C3A1}"
EndProject
Global
	GlobalSection(SolutionConfigurationPlatforms) = preSolution
		Debug|Any CPU = Debug|Any CPU
		Release|Any CPU = Release|Any CPU
	EndGlobalSection
	GlobalSection(ProjectConfigurationPlatforms) = postSolution
		{E53F3A7F-C065-490A-A499-89524835C3A1}.Debug|Any CPU.ActiveCfg = Debug|Any CPU
		{E53F3A7F-C065-490A-A499-89524835C3A1}.Debug|Any CPU.Build.0 = Debug|Any CPU
		{E53F3A7F-C065-490A-A499-89524835C3A1}.Release|Any CPU.ActiveCfg = Release|Any CPU
		{E53F3A7F-C065-490A-A499-89524835C3A1}.Release|Any CPU.Build.0 = Release|Any CPU
	EndGlobalSection
	GlobalSection(SolutionProperties) = preSolution
		HideSolutionNode = FALSE
	EndGlobalSection
	GlobalSection(ExtensibilityGlobals) = postSolution
		SolutionGuid = {D09DD2F8-7CCB-472D-8027-767F196C089B}
	EndGlobalSection
EndGlobal
